
Microsoft Visual Studio Solution File, Format Version 12.00
# Visual Studio 15
Project("{FAE04EC0-301F-11D3-BF4B-00C04F79EFBC}") = "BlazorFlex", "BlazorFlex\BlazorFlex.csproj", "{DBDF1F7D-AD5E-4675-9FC1-E9A89A9CE1D0}"
EndProject
Project("{FAE04EC0-301F-11D3-BF4B-00C04F79EFBC}") = "Test", "Test\Test.csproj", "{DD3D7F06-0B96-4F2E-82DC-F0AB3EF777C6}"
EndProject
Global
	GlobalSection(SolutionConfigurationPlatforms) = preSolution
		Debug|Any CPU = Debug|Any CPU
		Release|Any CPU = Release|Any CPU
	EndGlobalSection
	GlobalSection(ProjectConfigurationPlatforms) = postSolution
		{DBDF1F7D-AD5E-4675-9FC1-E9A89A9CE1D0}.Debug|Any CPU.ActiveCfg = Debug|Any CPU
		{DBDF1F7D-AD5E-4675-9FC1-E9A89A9CE1D0}.Debug|Any CPU.Build.0 = Debug|Any CPU
		{DBDF1F7D-AD5E-4675-9FC1-E9A89A9CE1D0}.Release|Any CPU.ActiveCfg = Release|Any CPU
		{DBDF1F7D-AD5E-4675-9FC1-E9A89A9CE1D0}.Release|Any CPU.Build.0 = Release|Any CPU
		{C289CD8E-E57F-4DB9-9E26-C23437782046}.Debug|Any CPU.ActiveCfg = Debug|Any CPU
		{C289CD8E-E57F-4DB9-9E26-C23437782046}.Debug|Any CPU.Build.0 = Debug|Any CPU
		{C289CD8E-E57F-4DB9-9E26-C23437782046}.Release|Any CPU.ActiveCfg = Release|Any CPU
		{C289CD8E-E57F-4DB9-9E26-C23437782046}.Release|Any CPU.Build.0 = Release|Any CPU
		{DD3D7F06-0B96-4F2E-82DC-F0AB3EF777C6}.Debug|Any CPU.ActiveCfg = Debug|Any CPU
		{DD3D7F06-0B96-4F2E-82DC-F0AB3EF777C6}.Debug|Any CPU.Build.0 = Debug|Any CPU
		{DD3D7F06-0B96-4F2E-82DC-F0AB3EF777C6}.Release|Any CPU.ActiveCfg = Release|Any CPU
		{DD3D7F06-0B96-4F2E-82DC-F0AB3EF777C6}.Release|Any CPU.Build.0 = Release|Any CPU
	EndGlobalSection
EndGlobal
